
Microsoft Visual Studio Solution File, Format Version 12.00
# Visual Studio 15
VisualStudioVersion = 15.0.26730.3
MinimumVisualStudioVersion = 10.0.40219.1
Project("{FAE04EC0-301F-11D3-BF4B-00C04F79EFBC}") = "TestApp01", "TestApp01\TestApp01.csproj", "{84CC4C45-BB8E-4D5F-8202-877E1A9E983E}"
EndProject
Global
	GlobalSection(SolutionConfigurationPlatforms) = preSolution
		Debug|Any CPU = Debug|Any CPU
		Release|Any CPU = Release|Any CPU
	EndGlobalSection
	GlobalSection(ProjectConfigurationPlatforms) = postSolution
		{84CC4C45-BB8E-4D5F-8202-877E1A9E983E}.Debug|Any CPU.ActiveCfg = Debug|Any CPU
		{84CC4C45-BB8E-4D5F-8202-877E1A9E983E}.Debug|Any CPU.Build.0 = Debug|Any CPU
		{84CC4C45-BB8E-4D5F-8202-877E1A9E983E}.Release|Any CPU.ActiveCfg = Release|Any CPU
		{84CC4C45-BB8E-4D5F-8202-877E1A9E983E}.Release|Any CPU.Build.0 = Release|Any CPU
	EndGlobalSection
	GlobalSection(SolutionProperties) = preSolution
		HideSolutionNode = FALSE
	EndGlobalSection
	GlobalSection(ExtensibilityGlobals) = postSolution
		SolutionGuid = {395192A8-733D-42FA-A3FE-219341315EC1}
	EndGlobalSection
EndGlobal
